
Microsoft Visual Studio Solution File, Format Version 12.00
# Visual Studio Version 17
VisualStudioVersion = 17.7.34031.279
MinimumVisualStudioVersion = 10.0.40219.1
Project("{FAE04EC0-301F-11D3-BF4B-00C04F79EFBC}") = "Курсовая", "Курсовая\Курсовая.csproj", "{836FAB91-C11E-403C-97C3-C5670ECDA3B7}"
EndProject
Global
	GlobalSection(SolutionConfigurationPlatforms) = preSolution
		Debug|Any CPU = Debug|Any CPU
		Release|Any CPU = Release|Any CPU
	EndGlobalSection
	GlobalSection(ProjectConfigurationPlatforms) = postSolution
		{836FAB91-C11E-403C-97C3-C5670ECDA3B7}.Debug|Any CPU.ActiveCfg = Debug|Any CPU
		{836FAB91-C11E-403C-97C3-C5670ECDA3B7}.Debug|Any CPU.Build.0 = Debug|Any CPU
		{836FAB91-C11E-403C-97C3-C5670ECDA3B7}.Release|Any CPU.ActiveCfg = Release|Any CPU
		{836FAB91-C11E-403C-97C3-C5670ECDA3B7}.Release|Any CPU.Build.0 = Release|Any CPU
	EndGlobalSection
	GlobalSection(SolutionProperties) = preSolution
		HideSolutionNode = FALSE
	EndGlobalSection
	GlobalSection(ExtensibilityGlobals) = postSolution
		SolutionGuid = {043E9BAA-FAE1-4FFD-A350-E03424883867}
	EndGlobalSection
EndGlobal
